
Microsoft Visual Studio Solution File, Format Version 12.00
# Visual Studio Version 17
VisualStudioVersion = 17.5.2.0
MinimumVisualStudioVersion = 10.0.40219.1
Project("{FAE04EC0-301F-11D3-BF4B-00C04F79EFBC}") = "APSIM.Soils", "src\APSIM.Soils.csproj", "{115F5582-7835-F1D3-3274-CC711E0838C5}"
EndProject
Project("{FAE04EC0-301F-11D3-BF4B-00C04F79EFBC}") = "APSIM.Soils.Tests", "tests\APSIM.Soils.Tests.csproj", "{C2D0F339-0EFD-429D-A19A-5D0256D10E80}"
EndProject
Global
	GlobalSection(SolutionConfigurationPlatforms) = preSolution
		Debug|Any CPU = Debug|Any CPU
		Release|Any CPU = Release|Any CPU
	EndGlobalSection
	GlobalSection(ProjectConfigurationPlatforms) = postSolution
		{115F5582-7835-F1D3-3274-CC711E0838C5}.Debug|Any CPU.ActiveCfg = Debug|Any CPU
		{115F5582-7835-F1D3-3274-CC711E0838C5}.Debug|Any CPU.Build.0 = Debug|Any CPU
		{115F5582-7835-F1D3-3274-CC711E0838C5}.Release|Any CPU.ActiveCfg = Release|Any CPU
		{115F5582-7835-F1D3-3274-CC711E0838C5}.Release|Any CPU.Build.0 = Release|Any CPU
		{C2D0F339-0EFD-429D-A19A-5D0256D10E80}.Debug|Any CPU.ActiveCfg = Debug|Any CPU
		{C2D0F339-0EFD-429D-A19A-5D0256D10E80}.Debug|Any CPU.Build.0 = Debug|Any CPU
		{C2D0F339-0EFD-429D-A19A-5D0256D10E80}.Release|Any CPU.ActiveCfg = Release|Any CPU
		{C2D0F339-0EFD-429D-A19A-5D0256D10E80}.Release|Any CPU.Build.0 = Release|Any CPU
		{56CBD12B-FA88-422C-981F-5DD36B9E38B6}.Debug|Any CPU.ActiveCfg = Debug|Any CPU
		{56CBD12B-FA88-422C-981F-5DD36B9E38B6}.Debug|Any CPU.Build.0 = Debug|Any CPU
		{56CBD12B-FA88-422C-981F-5DD36B9E38B6}.Release|Any CPU.ActiveCfg = Release|Any CPU
		{56CBD12B-FA88-422C-981F-5DD36B9E38B6}.Release|Any CPU.Build.0 = Release|Any CPU
	EndGlobalSection
	GlobalSection(SolutionProperties) = preSolution
		HideSolutionNode = FALSE
	EndGlobalSection
	GlobalSection(ExtensibilityGlobals) = postSolution
		SolutionGuid = {1220F447-78BC-48E9-98F8-1362E74F4548}
	EndGlobalSection
EndGlobal
