
Microsoft Visual Studio Solution File, Format Version 12.00
# Visual Studio 14
VisualStudioVersion = 14.0.24720.0
MinimumVisualStudioVersion = 10.0.40219.1
Project("{FAE04EC0-301F-11D3-BF4B-00C04F79EFBC}") = "APSIM.Soils.Service", "APSIM.Soils.Service\APSIM.Soils.Service.csproj", "{557D6F5E-DD95-46A2-B05B-3DE392F8356E}"
EndProject
Project("{FAE04EC0-301F-11D3-BF4B-00C04F79EFBC}") = "APSIM.Shared", "..\APSIM.Shared\APSIM.Shared.csproj", "{E243AE8D-35E3-4397-B180-EF1E8A91AE8C}"
EndProject
Project("{FAE04EC0-301F-11D3-BF4B-00C04F79EFBC}") = "APSIM.Soils.Portal", "APSIM.Soils.Portal\APSIM.Soils.Portal.csproj", "{2FC280B1-8E05-4105-8183-ADE51F09979C}"
	ProjectSection(ProjectDependencies) = postProject
		{557D6F5E-DD95-46A2-B05B-3DE392F8356E} = {557D6F5E-DD95-46A2-B05B-3DE392F8356E}
	EndProjectSection
EndProject
Global
	GlobalSection(SolutionConfigurationPlatforms) = preSolution
		Debug|Any CPU = Debug|Any CPU
		Debug|x86 = Debug|x86
		DebugAnyCPU|Any CPU = DebugAnyCPU|Any CPU
		DebugAnyCPU|x86 = DebugAnyCPU|x86
		Release|Any CPU = Release|Any CPU
		Release|x86 = Release|x86
	EndGlobalSection
	GlobalSection(ProjectConfigurationPlatforms) = postSolution
		{557D6F5E-DD95-46A2-B05B-3DE392F8356E}.Debug|Any CPU.ActiveCfg = Debug|Any CPU
		{557D6F5E-DD95-46A2-B05B-3DE392F8356E}.Debug|Any CPU.Build.0 = Debug|Any CPU
		{557D6F5E-DD95-46A2-B05B-3DE392F8356E}.Debug|x86.ActiveCfg = Debug|Any CPU
		{557D6F5E-DD95-46A2-B05B-3DE392F8356E}.Debug|x86.Build.0 = Debug|Any CPU
		{557D6F5E-DD95-46A2-B05B-3DE392F8356E}.DebugAnyCPU|Any CPU.ActiveCfg = Debug|Any CPU
		{557D6F5E-DD95-46A2-B05B-3DE392F8356E}.DebugAnyCPU|Any CPU.Build.0 = Debug|Any CPU
		{557D6F5E-DD95-46A2-B05B-3DE392F8356E}.DebugAnyCPU|x86.ActiveCfg = Debug|Any CPU
		{557D6F5E-DD95-46A2-B05B-3DE392F8356E}.DebugAnyCPU|x86.Build.0 = Debug|Any CPU
		{557D6F5E-DD95-46A2-B05B-3DE392F8356E}.Release|Any CPU.ActiveCfg = Release|Any CPU
		{557D6F5E-DD95-46A2-B05B-3DE392F8356E}.Release|Any CPU.Build.0 = Release|Any CPU
		{557D6F5E-DD95-46A2-B05B-3DE392F8356E}.Release|x86.ActiveCfg = Release|Any CPU
		{557D6F5E-DD95-46A2-B05B-3DE392F8356E}.Release|x86.Build.0 = Release|Any CPU
		{E243AE8D-35E3-4397-B180-EF1E8A91AE8C}.Debug|Any CPU.ActiveCfg = Debug|Any CPU
		{E243AE8D-35E3-4397-B180-EF1E8A91AE8C}.Debug|Any CPU.Build.0 = Debug|Any CPU
		{E243AE8D-35E3-4397-B180-EF1E8A91AE8C}.Debug|x86.ActiveCfg = Debug|x86
		{E243AE8D-35E3-4397-B180-EF1E8A91AE8C}.Debug|x86.Build.0 = Debug|x86
		{E243AE8D-35E3-4397-B180-EF1E8A91AE8C}.DebugAnyCPU|Any CPU.ActiveCfg = DebugAnyCPU|Any CPU
		{E243AE8D-35E3-4397-B180-EF1E8A91AE8C}.DebugAnyCPU|Any CPU.Build.0 = DebugAnyCPU|Any CPU
		{E243AE8D-35E3-4397-B180-EF1E8A91AE8C}.DebugAnyCPU|x86.ActiveCfg = DebugAnyCPU|x86
		{E243AE8D-35E3-4397-B180-EF1E8A91AE8C}.DebugAnyCPU|x86.Build.0 = DebugAnyCPU|x86
		{E243AE8D-35E3-4397-B180-EF1E8A91AE8C}.Release|Any CPU.ActiveCfg = Release|Any CPU
		{E243AE8D-35E3-4397-B180-EF1E8A91AE8C}.Release|Any CPU.Build.0 = Release|Any CPU
		{E243AE8D-35E3-4397-B180-EF1E8A91AE8C}.Release|x86.ActiveCfg = Release|x86
		{E243AE8D-35E3-4397-B180-EF1E8A91AE8C}.Release|x86.Build.0 = Release|x86
		{2FC280B1-8E05-4105-8183-ADE51F09979C}.Debug|Any CPU.ActiveCfg = Debug|Any CPU
		{2FC280B1-8E05-4105-8183-ADE51F09979C}.Debug|Any CPU.Build.0 = Debug|Any CPU
		{2FC280B1-8E05-4105-8183-ADE51F09979C}.Debug|x86.ActiveCfg = Debug|Any CPU
		{2FC280B1-8E05-4105-8183-ADE51F09979C}.Debug|x86.Build.0 = Debug|Any CPU
		{2FC280B1-8E05-4105-8183-ADE51F09979C}.DebugAnyCPU|Any CPU.ActiveCfg = Debug|Any CPU
		{2FC280B1-8E05-4105-8183-ADE51F09979C}.DebugAnyCPU|Any CPU.Build.0 = Debug|Any CPU
		{2FC280B1-8E05-4105-8183-ADE51F09979C}.DebugAnyCPU|x86.ActiveCfg = Debug|Any CPU
		{2FC280B1-8E05-4105-8183-ADE51F09979C}.DebugAnyCPU|x86.Build.0 = Debug|Any CPU
		{2FC280B1-8E05-4105-8183-ADE51F09979C}.Release|Any CPU.ActiveCfg = Release|Any CPU
		{2FC280B1-8E05-4105-8183-ADE51F09979C}.Release|Any CPU.Build.0 = Release|Any CPU
		{2FC280B1-8E05-4105-8183-ADE51F09979C}.Release|x86.ActiveCfg = Release|Any CPU
		{2FC280B1-8E05-4105-8183-ADE51F09979C}.Release|x86.Build.0 = Release|Any CPU
	EndGlobalSection
	GlobalSection(SolutionProperties) = preSolution
		HideSolutionNode = FALSE
	EndGlobalSection
EndGlobal
